
Microsoft Visual Studio Solution File, Format Version 12.00
# Visual Studio Version 16
VisualStudioVersion = 16.0.30611.23
MinimumVisualStudioVersion = 10.0.40219.1
Project("{9A19103F-16F7-4668-BE54-9A1E7A4F7556}") = "Videogames.API", "WebVideojuegos\Videogames.API.csproj", "{0FAAD640-D7D7-4A92-AE56-0F1F579CAB73}"
EndProject
Project("{9A19103F-16F7-4668-BE54-9A1E7A4F7556}") = "Videogames.Business", "Videojuegos.Business\Videogames.Business.csproj", "{1BE5ADD1-0919-48B5-B66F-2E1617F8F82D}"
EndProject
Project("{9A19103F-16F7-4668-BE54-9A1E7A4F7556}") = "Videogames.Repository", "Videojuegos.Repository\Videogames.Repository.csproj", "{8A7021DC-F120-4797-A66C-488BCCDB3A3E}"
EndProject
Global
	GlobalSection(SolutionConfigurationPlatforms) = preSolution
		Debug|Any CPU = Debug|Any CPU
		Release|Any CPU = Release|Any CPU
	EndGlobalSection
	GlobalSection(ProjectConfigurationPlatforms) = postSolution
		{0FAAD640-D7D7-4A92-AE56-0F1F579CAB73}.Debug|Any CPU.ActiveCfg = Debug|Any CPU
		{0FAAD640-D7D7-4A92-AE56-0F1F579CAB73}.Debug|Any CPU.Build.0 = Debug|Any CPU
		{0FAAD640-D7D7-4A92-AE56-0F1F579CAB73}.Release|Any CPU.ActiveCfg = Release|Any CPU
		{0FAAD640-D7D7-4A92-AE56-0F1F579CAB73}.Release|Any CPU.Build.0 = Release|Any CPU
		{1BE5ADD1-0919-48B5-B66F-2E1617F8F82D}.Debug|Any CPU.ActiveCfg = Debug|Any CPU
		{1BE5ADD1-0919-48B5-B66F-2E1617F8F82D}.Debug|Any CPU.Build.0 = Debug|Any CPU
		{1BE5ADD1-0919-48B5-B66F-2E1617F8F82D}.Release|Any CPU.ActiveCfg = Release|Any CPU
		{1BE5ADD1-0919-48B5-B66F-2E1617F8F82D}.Release|Any CPU.Build.0 = Release|Any CPU
		{8A7021DC-F120-4797-A66C-488BCCDB3A3E}.Debug|Any CPU.ActiveCfg = Debug|Any CPU
		{8A7021DC-F120-4797-A66C-488BCCDB3A3E}.Debug|Any CPU.Build.0 = Debug|Any CPU
		{8A7021DC-F120-4797-A66C-488BCCDB3A3E}.Release|Any CPU.ActiveCfg = Release|Any CPU
		{8A7021DC-F120-4797-A66C-488BCCDB3A3E}.Release|Any CPU.Build.0 = Release|Any CPU
	EndGlobalSection
	GlobalSection(SolutionProperties) = preSolution
		HideSolutionNode = FALSE
	EndGlobalSection
	GlobalSection(ExtensibilityGlobals) = postSolution
		SolutionGuid = {216E56F0-1C8E-4D43-AE61-67A6703A49F3}
	EndGlobalSection
EndGlobal
